
Microsoft Visual Studio Solution File, Format Version 12.00
# Visual Studio Version 16
VisualStudioVersion = 16.0.32630.194
MinimumVisualStudioVersion = 10.0.40219.1
Project("{FAE04EC0-301F-11D3-BF4B-00C04F79EFBC}") = "StardustUtilities", "KSP_Extensions_Stardust\StardustUtilities.csproj", "{5C75BE4B-8970-40FE-A4A7-63AC6F2DEF38}"
EndProject
Global
	GlobalSection(SolutionConfigurationPlatforms) = preSolution
		Debug|Any CPU = Debug|Any CPU
		Release|Any CPU = Release|Any CPU
	EndGlobalSection
	GlobalSection(ProjectConfigurationPlatforms) = postSolution
		{5C75BE4B-8970-40FE-A4A7-63AC6F2DEF38}.Debug|Any CPU.ActiveCfg = Debug|Any CPU
		{5C75BE4B-8970-40FE-A4A7-63AC6F2DEF38}.Debug|Any CPU.Build.0 = Debug|Any CPU
		{5C75BE4B-8970-40FE-A4A7-63AC6F2DEF38}.Release|Any CPU.ActiveCfg = Release|Any CPU
		{5C75BE4B-8970-40FE-A4A7-63AC6F2DEF38}.Release|Any CPU.Build.0 = Release|Any CPU
	EndGlobalSection
	GlobalSection(SolutionProperties) = preSolution
		HideSolutionNode = FALSE
	EndGlobalSection
	GlobalSection(ExtensibilityGlobals) = postSolution
		SolutionGuid = {8FC2819A-CE70-4235-B5A6-CB51DF146A02}
	EndGlobalSection
EndGlobal
